
Microsoft Visual Studio Solution File, Format Version 12.00
# Visual Studio 2013
VisualStudioVersion = 12.0.30110.0
MinimumVisualStudioVersion = 10.0.40219.1
Project("{FAE04EC0-301F-11D3-BF4B-00C04F79EFBC}") = "Storage", "Storage\Storage.csproj", "{76AF10EC-DA95-46FE-B120-92F0DF5B50DF}"
EndProject
Project("{FAE04EC0-301F-11D3-BF4B-00C04F79EFBC}") = "Domain", "Domain\Domain.csproj", "{38EB3A57-F6C4-4B60-A0B9-CDE00AFCFDC2}"
EndProject
Project("{FAE04EC0-301F-11D3-BF4B-00C04F79EFBC}") = "Interface.Cli", "Interface.Cli\Interface.Cli.csproj", "{B625C198-0CAC-4944-98C7-7DD1AFBD26FE}"
EndProject
Project("{FAE04EC0-301F-11D3-BF4B-00C04F79EFBC}") = "Domain.Tests", "Domain.Tests\Domain.Tests.csproj", "{7C112DD9-157E-4E36-9AD6-53CDBF5259FD}"
EndProject
Project("{FAE04EC0-301F-11D3-BF4B-00C04F79EFBC}") = "Storage.Relational", "Storage.Relational\Storage.Relational.csproj", "{1AF47797-3BB4-4DF6-B2AF-4D58026B51AA}"
EndProject
Global
	GlobalSection(SolutionConfigurationPlatforms) = preSolution
		Debug|Any CPU = Debug|Any CPU
		Release|Any CPU = Release|Any CPU
	EndGlobalSection
	GlobalSection(ProjectConfigurationPlatforms) = postSolution
		{76AF10EC-DA95-46FE-B120-92F0DF5B50DF}.Debug|Any CPU.ActiveCfg = Debug|Any CPU
		{76AF10EC-DA95-46FE-B120-92F0DF5B50DF}.Debug|Any CPU.Build.0 = Debug|Any CPU
		{76AF10EC-DA95-46FE-B120-92F0DF5B50DF}.Release|Any CPU.ActiveCfg = Release|Any CPU
		{76AF10EC-DA95-46FE-B120-92F0DF5B50DF}.Release|Any CPU.Build.0 = Release|Any CPU
		{38EB3A57-F6C4-4B60-A0B9-CDE00AFCFDC2}.Debug|Any CPU.ActiveCfg = Debug|Any CPU
		{38EB3A57-F6C4-4B60-A0B9-CDE00AFCFDC2}.Debug|Any CPU.Build.0 = Debug|Any CPU
		{38EB3A57-F6C4-4B60-A0B9-CDE00AFCFDC2}.Release|Any CPU.ActiveCfg = Release|Any CPU
		{38EB3A57-F6C4-4B60-A0B9-CDE00AFCFDC2}.Release|Any CPU.Build.0 = Release|Any CPU
		{B625C198-0CAC-4944-98C7-7DD1AFBD26FE}.Debug|Any CPU.ActiveCfg = Debug|Any CPU
		{B625C198-0CAC-4944-98C7-7DD1AFBD26FE}.Debug|Any CPU.Build.0 = Debug|Any CPU
		{B625C198-0CAC-4944-98C7-7DD1AFBD26FE}.Release|Any CPU.ActiveCfg = Release|Any CPU
		{B625C198-0CAC-4944-98C7-7DD1AFBD26FE}.Release|Any CPU.Build.0 = Release|Any CPU
		{7C112DD9-157E-4E36-9AD6-53CDBF5259FD}.Debug|Any CPU.ActiveCfg = Debug|Any CPU
		{7C112DD9-157E-4E36-9AD6-53CDBF5259FD}.Debug|Any CPU.Build.0 = Debug|Any CPU
		{7C112DD9-157E-4E36-9AD6-53CDBF5259FD}.Release|Any CPU.ActiveCfg = Release|Any CPU
		{7C112DD9-157E-4E36-9AD6-53CDBF5259FD}.Release|Any CPU.Build.0 = Release|Any CPU
		{1AF47797-3BB4-4DF6-B2AF-4D58026B51AA}.Debug|Any CPU.ActiveCfg = Debug|Any CPU
		{1AF47797-3BB4-4DF6-B2AF-4D58026B51AA}.Debug|Any CPU.Build.0 = Debug|Any CPU
		{1AF47797-3BB4-4DF6-B2AF-4D58026B51AA}.Release|Any CPU.ActiveCfg = Release|Any CPU
		{1AF47797-3BB4-4DF6-B2AF-4D58026B51AA}.Release|Any CPU.Build.0 = Release|Any CPU
	EndGlobalSection
	GlobalSection(SolutionProperties) = preSolution
		HideSolutionNode = FALSE
	EndGlobalSection
EndGlobal
